
Microsoft Visual Studio Solution File, Format Version 12.00
# Visual Studio 15
VisualStudioVersion = 15.0.27004.2002
MinimumVisualStudioVersion = 10.0.40219.1
Project("{FAE04EC0-301F-11D3-BF4B-00C04F79EFBC}") = "Console calculator", "Console calculator\Console calculator.csproj", "{7A20C018-EDAA-442E-B573-D58EAFCC1D0D}"
EndProject
Global
	GlobalSection(SolutionConfigurationPlatforms) = preSolution
		Debug|Any CPU = Debug|Any CPU
		Release|Any CPU = Release|Any CPU
	EndGlobalSection
	GlobalSection(ProjectConfigurationPlatforms) = postSolution
		{7A20C018-EDAA-442E-B573-D58EAFCC1D0D}.Debug|Any CPU.ActiveCfg = Debug|Any CPU
		{7A20C018-EDAA-442E-B573-D58EAFCC1D0D}.Debug|Any CPU.Build.0 = Debug|Any CPU
		{7A20C018-EDAA-442E-B573-D58EAFCC1D0D}.Release|Any CPU.ActiveCfg = Release|Any CPU
		{7A20C018-EDAA-442E-B573-D58EAFCC1D0D}.Release|Any CPU.Build.0 = Release|Any CPU
	EndGlobalSection
	GlobalSection(SolutionProperties) = preSolution
		HideSolutionNode = FALSE
	EndGlobalSection
	GlobalSection(ExtensibilityGlobals) = postSolution
		SolutionGuid = {299B91B3-BD8D-4B3E-B0C1-7119888675EA}
	EndGlobalSection
EndGlobal
